
Microsoft Visual Studio Solution File, Format Version 12.00
# Visual Studio Version 17
VisualStudioVersion = 17.5.002.0
MinimumVisualStudioVersion = 10.0.40219.1
Project("{9A19103F-16F7-4668-BE54-9A1E7A4F7556}") = "Sınıf Nedir  Instance, Field, Property", "Sınıf Nedir  Instance, Field, Property.csproj", "{17D579D8-776D-4143-BBCF-1FD2BCA2440F}"
EndProject
Global
	GlobalSection(SolutionConfigurationPlatforms) = preSolution
		Debug|Any CPU = Debug|Any CPU
		Release|Any CPU = Release|Any CPU
	EndGlobalSection
	GlobalSection(ProjectConfigurationPlatforms) = postSolution
		{17D579D8-776D-4143-BBCF-1FD2BCA2440F}.Debug|Any CPU.ActiveCfg = Debug|Any CPU
		{17D579D8-776D-4143-BBCF-1FD2BCA2440F}.Debug|Any CPU.Build.0 = Debug|Any CPU
		{17D579D8-776D-4143-BBCF-1FD2BCA2440F}.Release|Any CPU.ActiveCfg = Release|Any CPU
		{17D579D8-776D-4143-BBCF-1FD2BCA2440F}.Release|Any CPU.Build.0 = Release|Any CPU
	EndGlobalSection
	GlobalSection(SolutionProperties) = preSolution
		HideSolutionNode = FALSE
	EndGlobalSection
	GlobalSection(ExtensibilityGlobals) = postSolution
		SolutionGuid = {9610AE9F-B965-43E2-8DCC-1061A466B911}
	EndGlobalSection
EndGlobal
